
Microsoft Visual Studio Solution File, Format Version 12.00
# Visual Studio Version 16
VisualStudioVersion = 16.0.30114.105
MinimumVisualStudioVersion = 10.0.40219.1
Project("{FAE04EC0-301F-11D3-BF4B-00C04F79EFBC}") = "WebApi2020", "WebApi2020\WebApi2020.csproj", "{BE8400B0-FF0C-4ECC-8BBC-97CBFE4A2D62}"
EndProject
Global
	GlobalSection(SolutionConfigurationPlatforms) = preSolution
		Debug|Any CPU = Debug|Any CPU
		Release|Any CPU = Release|Any CPU
	EndGlobalSection
	GlobalSection(ProjectConfigurationPlatforms) = postSolution
		{BE8400B0-FF0C-4ECC-8BBC-97CBFE4A2D62}.Debug|Any CPU.ActiveCfg = Debug|Any CPU
		{BE8400B0-FF0C-4ECC-8BBC-97CBFE4A2D62}.Debug|Any CPU.Build.0 = Debug|Any CPU
		{BE8400B0-FF0C-4ECC-8BBC-97CBFE4A2D62}.Release|Any CPU.ActiveCfg = Release|Any CPU
		{BE8400B0-FF0C-4ECC-8BBC-97CBFE4A2D62}.Release|Any CPU.Build.0 = Release|Any CPU
	EndGlobalSection
	GlobalSection(SolutionProperties) = preSolution
		HideSolutionNode = FALSE
	EndGlobalSection
	GlobalSection(ExtensibilityGlobals) = postSolution
		SolutionGuid = {4E83FB92-14B3-4C97-948A-90324BC54A36}
	EndGlobalSection
EndGlobal
